
Microsoft Visual Studio Solution File, Format Version 12.00
# Visual Studio 15
VisualStudioVersion = 15.0.27130.2024
MinimumVisualStudioVersion = 10.0.40219.1
Project("{888888A0-9F3D-457C-B088-3A5042F75D52}") = "FirstMaskAttempts", "FirstMaskAttempts\FirstMaskAttempts.pyproj", "{F5A71FA9-2A0F-4C55-89C2-2EABEEF68848}"
EndProject
Global
	GlobalSection(SolutionConfigurationPlatforms) = preSolution
		Debug|Any CPU = Debug|Any CPU
		Release|Any CPU = Release|Any CPU
	EndGlobalSection
	GlobalSection(ProjectConfigurationPlatforms) = postSolution
		{F5A71FA9-2A0F-4C55-89C2-2EABEEF68848}.Debug|Any CPU.ActiveCfg = Debug|Any CPU
		{F5A71FA9-2A0F-4C55-89C2-2EABEEF68848}.Release|Any CPU.ActiveCfg = Release|Any CPU
	EndGlobalSection
	GlobalSection(SolutionProperties) = preSolution
		HideSolutionNode = FALSE
	EndGlobalSection
	GlobalSection(ExtensibilityGlobals) = postSolution
		SolutionGuid = {117FC20A-1E77-4F63-A89A-17A4BF28EF4B}
	EndGlobalSection
EndGlobal
